
Microsoft Visual Studio Solution File, Format Version 12.00
# Visual Studio Version 17
VisualStudioVersion = 17.3.32929.385
MinimumVisualStudioVersion = 10.0.40219.1
Project("{FAE04EC0-301F-11D3-BF4B-00C04F79EFBC}") = "BoardModel", "BoardModel.csproj", "{9EB7EDE4-9A1B-41DA-BE0E-19627FD46EB6}"
EndProject
Project("{FAE04EC0-301F-11D3-BF4B-00C04F79EFBC}") = "ChessBoardModel", "..\ChessBoardModel\ChessBoardModel.csproj", "{B95401B1-FB3E-429B-8B40-5A87D5A3ABA3}"
EndProject
Global
	GlobalSection(SolutionConfigurationPlatforms) = preSolution
		Debug|Any CPU = Debug|Any CPU
		Release|Any CPU = Release|Any CPU
	EndGlobalSection
	GlobalSection(ProjectConfigurationPlatforms) = postSolution
		{9EB7EDE4-9A1B-41DA-BE0E-19627FD46EB6}.Debug|Any CPU.ActiveCfg = Debug|Any CPU
		{9EB7EDE4-9A1B-41DA-BE0E-19627FD46EB6}.Debug|Any CPU.Build.0 = Debug|Any CPU
		{9EB7EDE4-9A1B-41DA-BE0E-19627FD46EB6}.Release|Any CPU.ActiveCfg = Release|Any CPU
		{9EB7EDE4-9A1B-41DA-BE0E-19627FD46EB6}.Release|Any CPU.Build.0 = Release|Any CPU
		{B95401B1-FB3E-429B-8B40-5A87D5A3ABA3}.Debug|Any CPU.ActiveCfg = Debug|Any CPU
		{B95401B1-FB3E-429B-8B40-5A87D5A3ABA3}.Debug|Any CPU.Build.0 = Debug|Any CPU
		{B95401B1-FB3E-429B-8B40-5A87D5A3ABA3}.Release|Any CPU.ActiveCfg = Release|Any CPU
		{B95401B1-FB3E-429B-8B40-5A87D5A3ABA3}.Release|Any CPU.Build.0 = Release|Any CPU
	EndGlobalSection
	GlobalSection(SolutionProperties) = preSolution
		HideSolutionNode = FALSE
	EndGlobalSection
	GlobalSection(ExtensibilityGlobals) = postSolution
		SolutionGuid = {1BFA4900-5D4B-4691-8D99-079510AFB878}
	EndGlobalSection
EndGlobal
